
Microsoft Visual Studio Solution File, Format Version 12.00
Project("{FAE04EC0-301F-11D3-BF4B-00C04F79EFBC}") = "LexicalAnalyzer", "LexicalAnalyzer\LexicalAnalyzer.csproj", "{ABBCB380-1CC4-451F-93C5-9DE7D1F50178}"
EndProject
Global
	GlobalSection(SolutionConfigurationPlatforms) = preSolution
		Debug|Any CPU = Debug|Any CPU
		Release|Any CPU = Release|Any CPU
	EndGlobalSection
	GlobalSection(ProjectConfigurationPlatforms) = postSolution
		{ABBCB380-1CC4-451F-93C5-9DE7D1F50178}.Debug|Any CPU.ActiveCfg = Debug|Any CPU
		{ABBCB380-1CC4-451F-93C5-9DE7D1F50178}.Debug|Any CPU.Build.0 = Debug|Any CPU
		{ABBCB380-1CC4-451F-93C5-9DE7D1F50178}.Release|Any CPU.ActiveCfg = Release|Any CPU
		{ABBCB380-1CC4-451F-93C5-9DE7D1F50178}.Release|Any CPU.Build.0 = Release|Any CPU
	EndGlobalSection
EndGlobal
